// !$*UTF8*$!
{
	archiveVersion = 1;
	classes = {
	};
	objectVersion = 55;
	objects = {

/* Begin PBXBuildFile section */
		89D04C58287FBA8000D0A6CB /* AppDelegate.swift in Sources */ = {isa = PBXBuildFile; fileRef = 89D04C57287FBA8000D0A6CB /* AppDelegate.swift */; };
		89D04C5A287FBA8000D0A6CB /* SceneDelegate.swift in Sources */ = {isa = PBXBuildFile; fileRef = 89D04C59287FBA8000D0A6CB /* SceneDelegate.swift */; };
		89D04C5C287FBA8000D0A6CB /* ViewController.swift in Sources */ = {isa = PBXBuildFile; fileRef = 89D04C5B287FBA8000D0A6CB /* ViewController.swift */; };
		89D04C5F287FBA8000D0A6CB /* Main.storyboard in Resources */ = {isa = PBXBuildFile; fileRef = 89D04C5D287FBA8000D0A6CB /* Main.storyboard */; };
		89D04C61287FBA8200D0A6CB /* Assets.xcassets in Resources */ = {isa = PBXBuildFile; fileRef = 89D04C60287FBA8200D0A6CB /* Assets.xcassets */; };
		89D04C64287FBA8200D0A6CB /* LaunchScreen.storyboard in Resources */ = {isa = PBXBuildFile; fileRef = 89D04C62287FBA8200D0A6CB /* LaunchScreen.storyboard */; };
		89D04C6F287FBA8200D0A6CB /* PreworkTests.swift in Sources */ = {isa = PBXBuildFile; fileRef = 89D04C6E287FBA8200D0A6CB /* PreworkTests.swift */; };
		89D04C79287FBA8200D0A6CB /* PreworkUITests.swift in Sources */ = {isa = PBXBuildFile; fileRef = 89D04C78287FBA8200D0A6CB /* PreworkUITests.swift */; };
		89D04C7B287FBA8200D0A6CB /* PreworkUITestsLaunchTests.swift in Sources */ = {isa = PBXBuildFile; fileRef = 89D04C7A287FBA8200D0A6CB /* PreworkUITestsLaunchTests.swift */; };
/* End PBXBuildFile section */

/* Begin PBXContainerItemProxy section */
		89D04C6B287FBA8200D0A6CB /* PBXContainerItemProxy */ = {
			isa = PBXContainerItemProxy;
			containerPortal = 89D04C4C287FBA8000D0A6CB /* Project object */;
			proxyType = 1;
			remoteGlobalIDString = 89D04C53287FBA8000D0A6CB;
			remoteInfo = Prework;
		};
		89D04C75287FBA8200D0A6CB /* PBXContainerItemProxy */ = {
			isa = PBXContainerItemProxy;
			containerPortal = 89D04C4C287FBA8000D0A6CB /* Project object */;
			proxyType = 1;
			remoteGlobalIDString = 89D04C53287FBA8000D0A6CB;
			remoteInfo = Prework;
		};
/* End PBXContainerItemProxy section */

/* Begin PBXFileReference section */
		89D04C54287FBA8000D0A6CB /* Prework.app */ = {isa = PBXFileReference; explicitFileType = wrapper.application; includeInIndex = 0; path = Prework.app; sourceTree = BUILT_PRODUCTS_DIR; };
		89D04C57287FBA8000D0A6CB /* AppDelegate.swift */ = {isa = PBXFileReference; lastKnownFileType = sourcecode.swift; path = AppDelegate.swift; sourceTree = "<group>"; };
		89D04C59287FBA8000D0A6CB /* SceneDelegate.swift */ = {isa = PBXFileReference; lastKnownFileType = sourcecode.swift; path = SceneDelegate.swift; sourceTree = "<group>"; };
		89D04C5B287FBA8000D0A6CB /* ViewController.swift */ = {isa = PBXFileReference; lastKnownFileType = sourcecode.swift; path = ViewController.swift; sourceTree = "<group>"; };
		89D04C5E287FBA8000D0A6CB /* Base */ = {isa = PBXFileReference; lastKnownFileType = file.storyboard; name = Base; path = Base.lproj/Main.storyboard; sourceTree = "<group>"; };
		89D04C60287FBA8200D0A6CB /* Assets.xcassets */ = {isa = PBXFileReference; lastKnownFileType = folder.assetcatalog; path = Assets.xcassets; sourceTree = "<group>"; };
		89D04C63287FBA8200D0A6CB /* Base */ = {isa = PBXFileReference; lastKnownFileType = file.storyboard; name = Base; path = Base.lproj/LaunchScreen.storyboard; sourceTree = "<group>"; };
		89D04C65287FBA8200D0A6CB /* Info.plist */ = {isa = PBXFileReference; lastKnownFileType = text.plist.xml; path = Info.plist; sourceTree = "<group>"; };
		89D04C6A287FBA8200D0A6CB /* PreworkTests.xctest */ = {isa = PBXFileReference; explicitFileType = wrapper.cfbundle; includeInIndex = 0; path = PreworkTests.xctest; sourceTree = BUILT_PRODUCTS_DIR; };
		89D04C6E287FBA8200D0A6CB /* PreworkTests.swift */ = {isa = PBXFileReference; lastKnownFileType = sourcecode.swift; path = PreworkTests.swift; sourceTree = "<group>"; };
		89D04C74287FBA8200D0A6CB /* PreworkUITests.xctest */ = {isa = PBXFileReference; explicitFileType = wrapper.cfbundle; includeInIndex = 0; path = PreworkUITests.xctest; sourceTree = BUILT_PRODUCTS_DIR; };
		89D04C78287FBA8200D0A6CB /* PreworkUITests.swift */ = {isa = PBXFileReference; lastKnownFileType = sourcecode.swift; path = PreworkUITests.swift; sourceTree = "<group>"; };
		89D04C7A287FBA8200D0A6CB /* PreworkUITestsLaunchTests.swift */ = {isa = PBXFileReference; lastKnownFileType = sourcecode.swift; path = PreworkUITestsLaunchTests.swift; sourceTree = "<group>"; };
/* End PBXFileReference section */

/* Begin PBXFrameworksBuildPhase section */
		89D04C51287FBA8000D0A6CB /* Frameworks */ = {
			isa = PBXFrameworksBuildPhase;
			buildActionMask = 2147483647;
			files = (
			);
			runOnlyForDeploymentPostprocessing = 0;
		};
		89D04C67287FBA8200D0A6CB /* Frameworks */ = {
			isa = PBXFrameworksBuildPhase;
			buildActionMask = 2147483647;
			files = (
			);
			runOnlyForDeploymentPostprocessing = 0;
		};
		89D04C71287FBA8200D0A6CB /* Frameworks */ = {
			isa = PBXFrameworksBuildPhase;
			buildActionMask = 2147483647;
			files = (
			);
			runOnlyForDeploymentPostprocessing = 0;
		};
/* End PBXFrameworksBuildPhase section */

/* Begin PBXGroup section */
		89D04C4B287FBA8000D0A6CB = {
			isa = PBXGroup;
			children = (
				89D04C56287FBA8000D0A6CB /* Prework */,
				89D04C6D287FBA8200D0A6CB /* PreworkTests */,
				89D04C77287FBA8200D0A6CB /* PreworkUITests */,
				89D04C55287FBA8000D0A6CB /* Products */,
			);
			sourceTree = "<group>";
		};
		89D04C55287FBA8000D0A6CB /* Products */ = {
			isa = PBXGroup;
			children = (
				89D04C54287FBA8000D0A6CB /* Prework.app */,
				89D04C6A287FBA8200D0A6CB /* PreworkTests.xctest */,
				89D04C74287FBA8200D0A6CB /* PreworkUITests.xctest */,
			);
			name = Products;
			sourceTree = "<group>";
		};
		89D04C56287FBA8000D0A6CB /* Prework */ = {
			isa = PBXGroup;
			children = (
				89D04C57287FBA8000D0A6CB /* AppDelegate.swift */,
				89D04C59287FBA8000D0A6CB /* SceneDelegate.swift */,
				89D04C5B287FBA8000D0A6CB /* ViewController.swift */,
				89D04C5D287FBA8000D0A6CB /* Main.storyboard */,
				89D04C60287FBA8200D0A6CB /* Assets.xcassets */,
				89D04C62287FBA8200D0A6CB /* LaunchScreen.storyboard */,
				89D04C65287FBA8200D0A6CB /* Info.plist */,
			);
			path = Prework;
			sourceTree = "<group>";
		};
		89D04C6D287FBA8200D0A6CB /* PreworkTests */ = {
			isa = PBXGroup;
			children = (
				89D04C6E287FBA8200D0A6CB /* PreworkTests.swift */,
			);
			path = PreworkTests;
			sourceTree = "<group>";
		};
		89D04C77287FBA8200D0A6CB /* PreworkUITests */ = {
			isa = PBXGroup;
			children = (
				89D04C78287FBA8200D0A6CB /* PreworkUITests.swift */,
				89D04C7A287FBA8200D0A6CB /* PreworkUITestsLaunchTests.swift */,
			);
			path = PreworkUITests;
			sourceTree = "<group>";
		};
/* End PBXGroup section */

/* Begin PBXNativeTarget section */
		89D04C53287FBA8000D0A6CB /* Prework */ = {
			isa = PBXNativeTarget;
			buildConfigurationList = 89D04C7E287FBA8200D0A6CB /* Build configuration list for PBXNativeTarget "Prework" */;
			buildPhases = (
				89D04C50287FBA8000D0A6CB /* Sources */,
				89D04C51287FBA8000D0A6CB /* Frameworks */,
				89D04C52287FBA8000D0A6CB /* Resources */,
			);
			buildRules = (
			);
			dependencies = (
			);
			name = Prework;
			productName = Prework;
			productReference = 89D04C54287FBA8000D0A6CB /* Prework.app */;
			productType = "com.apple.product-type.application";
		};
		89D04C69287FBA8200D0A6CB /* PreworkTests */ = {
			isa = PBXNativeTarget;
			buildConfigurationList = 89D04C81287FBA8200D0A6CB /* Build configuration list for PBXNativeTarget "PreworkTests" */;
			buildPhases = (
				89D04C66287FBA8200D0A6CB /* Sources */,
				89D04C67287FBA8200D0A6CB /* Frameworks */,
				89D04C68287FBA8200D0A6CB /* Resources */,
			);
			buildRules = (
			);
			dependencies = (
				89D04C6C287FBA8200D0A6CB /* PBXTargetDependency */,
			);
			name = PreworkTests;
			productName = PreworkTests;
			productReference = 89D04C6A287FBA8200D0A6CB /* PreworkTests.xctest */;
			productType = "com.apple.product-type.bundle.unit-test";
		};
		89D04C73287FBA8200D0A6CB /* PreworkUITests */ = {
			isa = PBXNativeTarget;
			buildConfigurationList = 89D04C84287FBA8200D0A6CB /* Build configuration list for PBXNativeTarget "PreworkUITests" */;
			buildPhases = (
				89D04C70287FBA8200D0A6CB /* Sources */,
				89D04C71287FBA8200D0A6CB /* Frameworks */,
				89D04C72287FBA8200D0A6CB /* Resources */,
			);
			buildRules = (
			);
			dependencies = (
				89D04C76287FBA8200D0A6CB /* PBXTargetDependency */,
			);
			name = PreworkUITests;
			productName = PreworkUITests;
			productReference = 89D04C74287FBA8200D0A6CB /* PreworkUITests.xctest */;
			productType = "com.apple.product-type.bundle.ui-testing";
		};
/* End PBXNativeTarget section */

/* Begin PBXProject section */
		89D04C4C287FBA8000D0A6CB /* Project object */ = {
			isa = PBXProject;
			attributes = {
				BuildIndependentTargetsInParallel = 1;
				LastSwiftUpdateCheck = 1340;
				LastUpgradeCheck = 1340;
				TargetAttributes = {
					89D04C53287FBA8000D0A6CB = {
						CreatedOnToolsVersion = 13.4.1;
					};
					89D04C69287FBA8200D0A6CB = {
						CreatedOnToolsVersion = 13.4.1;
						TestTargetID = 89D04C53287FBA8000D0A6CB;
					};
					89D04C73287FBA8200D0A6CB = {
						CreatedOnToolsVersion = 13.4.1;
						TestTargetID = 89D04C53287FBA8000D0A6CB;
					};
				};
			};
			buildConfigurationList = 89D04C4F287FBA8000D0A6CB /* Build configuration list for PBXProject "Prework" */;
			compatibilityVersion = "Xcode 13.0";
			developmentRegion = en;
			hasScannedForEncodings = 0;
			knownRegions = (
				en,
				Base,
			);
			mainGroup = 89D04C4B287FBA8000D0A6CB;
			productRefGroup = 89D04C55287FBA8000D0A6CB /* Products */;
			projectDirPath = "";
			projectRoot = "";
			targets = (
				89D04C53287FBA8000D0A6CB /* Prework */,
				89D04C69287FBA8200D0A6CB /* PreworkTests */,
				89D04C73287FBA8200D0A6CB /* PreworkUITests */,
			);
		};
/* End PBXProject section */

/* Begin PBXResourcesBuildPhase section */
		89D04C52287FBA8000D0A6CB /* Resources */ = {
			isa = PBXResourcesBuildPhase;
			buildActionMask = 2147483647;
			files = (
				89D04C64287FBA8200D0A6CB /* LaunchScreen.storyboard in Resources */,
				89D04C61287FBA8200D0A6CB /* Assets.xcassets in Resources */,
				89D04C5F287FBA8000D0A6CB /* Main.storyboard in Resources */,
			);
			runOnlyForDeploymentPostprocessing = 0;
		};
		89D04C68287FBA8200D0A6CB /* Resources */ = {
			isa = PBXResourcesBuildPhase;
			buildActionMask = 2147483647;
			files = (
			);
			runOnlyForDeploymentPostprocessing = 0;
		};
		89D04C72287FBA8200D0A6CB /* Resources */ = {
			isa = PBXResourcesBuildPhase;
			buildActionMask = 2147483647;
			files = (
			);
			runOnlyForDeploymentPostprocessing = 0;
		};
/* End PBXResourcesBuildPhase section */

/* Begin PBXSourcesBuildPhase section */
		89D04C50287FBA8000D0A6CB /* Sources */ = {
			isa = PBXSourcesBuildPhase;
			buildActionMask = 2147483647;
			files = (
				89D04C5C287FBA8000D0A6CB /* ViewController.swift in Sources */,
				89D04C58287FBA8000D0A6CB /* AppDelegate.swift in Sources */,
				89D04C5A287FBA8000D0A6CB /* SceneDelegate.swift in Sources */,
			);
			runOnlyForDeploymentPostprocessing = 0;
		};
		89D04C66287FBA8200D0A6CB /* Sources */ = {
			isa = PBXSourcesBuildPhase;
			buildActionMask = 2147483647;
			files = (
				89D04C6F287FBA8200D0A6CB /* PreworkTests.swift in Sources */,
			);
			runOnlyForDeploymentPostprocessing = 0;
		};
		89D04C70287FBA8200D0A6CB /* Sources */ = {
			isa = PBXSourcesBuildPhase;
			buildActionMask = 2147483647;
			files = (
				89D04C79287FBA8200D0A6CB /* PreworkUITests.swift in Sources */,
				89D04C7B287FBA8200D0A6CB /* PreworkUITestsLaunchTests.swift in Sources */,
			);
			runOnlyForDeploymentPostprocessing = 0;
		};
/* End PBXSourcesBuildPhase section */

/* Begin PBXTargetDependency section */
		89D04C6C287FBA8200D0A6CB /* PBXTargetDependency */ = {
			isa = PBXTargetDependency;
			target = 89D04C53287FBA8000D0A6CB /* Prework */;
			targetProxy = 89D04C6B287FBA8200D0A6CB /* PBXContainerItemProxy */;
		};
		89D04C76287FBA8200D0A6CB /* PBXTargetDependency */ = {
			isa = PBXTargetDependency;
			target = 89D04C53287FBA8000D0A6CB /* Prework */;
			targetProxy = 89D04C75287FBA8200D0A6CB /* PBXContainerItemProxy */;
		};
/* End PBXTargetDependency section */

/* Begin PBXVariantGroup section */
		89D04C5D287FBA8000D0A6CB /* Main.storyboard */ = {
			isa = PBXVariantGroup;
			children = (
				89D04C5E287FBA8000D0A6CB /* Base */,
			);
			name = Main.storyboard;
			sourceTree = "<group>";
		};
		89D04C62287FBA8200D0A6CB /* LaunchScreen.storyboard */ = {
			isa = PBXVariantGroup;
			children = (
				89D04C63287FBA8200D0A6CB /* Base */,
			);
			name = LaunchScreen.storyboard;
			sourceTree = "<group>";
		};
/* End PBXVariantGroup section */

/* Begin XCBuildConfiguration section */
		89D04C7C287FBA8200D0A6CB /* Debug */ = {
			isa = XCBuildConfiguration;
			buildSettings = {
				ALWAYS_SEARCH_USER_PATHS = NO;
				CLANG_ANALYZER_NONNULL = YES;
				CLANG_ANALYZER_NUMBER_OBJECT_CONVERSION = YES_AGGRESSIVE;
				CLANG_CXX_LANGUAGE_STANDARD = "gnu++17";
				CLANG_ENABLE_MODULES = YES;
				CLANG_ENABLE_OBJC_ARC = YES;
				CLANG_ENABLE_OBJC_WEAK = YES;
				CLANG_WARN_BLOCK_CAPTURE_AUTORELEASING = YES;
				CLANG_WARN_BOOL_CONVERSION = YES;
				CLANG_WARN_COMMA = YES;
				CLANG_WARN_CONSTANT_CONVERSION = YES;
				CLANG_WARN_DEPRECATED_OBJC_IMPLEMENTATIONS = YES;
				CLANG_WARN_DIRECT_OBJC_ISA_USAGE = YES_ERROR;
				CLANG_WARN_DOCUMENTATION_COMMENTS = YES;
				CLANG_WARN_EMPTY_BODY = YES;
				CLANG_WARN_ENUM_CONVERSION = YES;
				CLANG_WARN_INFINITE_RECURSION = YES;
				CLANG_WARN_INT_CONVERSION = YES;
				CLANG_WARN_NON_LITERAL_NULL_CONVERSION = YES;
				CLANG_WARN_OBJC_IMPLICIT_RETAIN_SELF = YES;
				CLANG_WARN_OBJC_LITERAL_CONVERSION = YES;
				CLANG_WARN_OBJC_ROOT_CLASS = YES_ERROR;
				CLANG_WARN_QUOTED_INCLUDE_IN_FRAMEWORK_HEADER = YES;
				CLANG_WARN_RANGE_LOOP_ANALYSIS = YES;
				CLANG_WARN_STRICT_PROTOTYPES = YES;
				CLANG_WARN_SUSPICIOUS_MOVE = YES;
				CLANG_WARN_UNGUARDED_AVAILABILITY = YES_AGGRESSIVE;
				CLANG_WARN_UNREACHABLE_CODE = YES;
				CLANG_WARN__DUPLICATE_METHOD_MATCH = YES;
				COPY_PHASE_STRIP = NO;
				DEBUG_INFORMATION_FORMAT = dwarf;
				ENABLE_STRICT_OBJC_MSGSEND = YES;
				ENABLE_TESTABILITY = YES;
				GCC_C_LANGUAGE_STANDARD = gnu11;
				GCC_DYNAMIC_NO_PIC = NO;
				GCC_NO_COMMON_BLOCKS = YES;
				GCC_OPTIMIZATION_LEVEL = 0;
				GCC_PREPROCESSOR_DEFINITIONS = (
					"DEBUG=1",
					"$(inherited)",
				);
				GCC_WARN_64_TO_32_BIT_CONVERSION = YES;
				GCC_WARN_ABOUT_RETURN_TYPE = YES_ERROR;
				GCC_WARN_UNDECLARED_SELECTOR = YES;
				GCC_WARN_UNINITIALIZED_AUTOS = YES_AGGRESSIVE;
				GCC_WARN_UNUSED_FUNCTION = YES;
				GCC_WARN_UNUSED_VARIABLE = YES;
				IPHONEOS_DEPLOYMENT_TARGET = 15.5;
				MTL_ENABLE_DEBUG_INFO = INCLUDE_SOURCE;
				MTL_FAST_MATH = YES;
				ONLY_ACTIVE_ARCH = YES;
				SDKROOT = iphoneos;
				SWIFT_ACTIVE_COMPILATION_CONDITIONS = DEBUG;
				SWIFT_OPTIMIZATION_LEVEL = "-Onone";
			};
			name = Debug;
		};
		89D04C7D287FBA8200D0A6CB /* Release */ = {
			isa = XCBuildConfiguration;
			buildSettings = {
				ALWAYS_SEARCH_USER_PATHS = NO;
				CLANG_ANALYZER_NONNULL = YES;
				CLANG_ANALYZER_NUMBER_OBJECT_CONVERSION = YES_AGGRESSIVE;
				CLANG_CXX_LANGUAGE_STANDARD = "gnu++17";
				CLANG_ENABLE_MODULES = YES;
				CLANG_ENABLE_OBJC_ARC = YES;
				CLANG_ENABLE_OBJC_WEAK = YES;
				CLANG_WARN_BLOCK_CAPTURE_AUTORELEASING = YES;
				CLANG_WARN_BOOL_CONVERSION = YES;
				CLANG_WARN_COMMA = YES;
				CLANG_WARN_CONSTANT_CONVERSION = YES;
				CLANG_WARN_DEPRECATED_OBJC_IMPLEMENTATIONS = YES;
				CLANG_WARN_DIRECT_OBJC_ISA_USAGE = YES_ERROR;
				CLANG_WARN_DOCUMENTATION_COMMENTS = YES;
				CLANG_WARN_EMPTY_BODY = YES;
				CLANG_WARN_ENUM_CONVERSION = YES;
				CLANG_WARN_INFINITE_RECURSION = YES;
				CLANG_WARN_INT_CONVERSION = YES;
				CLANG_WARN_NON_LITERAL_NULL_CONVERSION = YES;
				CLANG_WARN_OBJC_IMPLICIT_RETAIN_SELF = YES;
				CLANG_WARN_OBJC_LITERAL_CONVERSION = YES;
				CLANG_WARN_OBJC_ROOT_CLASS = YES_ERROR;
				CLANG_WARN_QUOTED_INCLUDE_IN_FRAMEWORK_HEADER = YES;
				CLANG_WARN_RANGE_LOOP_ANALYSIS = YES;
				CLANG_WARN_STRICT_PROTOTYPES = YES;
				CLANG_WARN_SUSPICIOUS_MOVE = YES;
				CLANG_WARN_UNGUARDED_AVAILABILITY = YES_AGGRESSIVE;
				CLANG_WARN_UNREACHABLE_CODE = YES;
				CLANG_WARN__DUPLICATE_METHOD_MATCH = YES;
				COPY_PHASE_STRIP = NO;
				DEBUG_INFORMATION_FORMAT = "dwarf-with-dsym";
				ENABLE_NS_ASSERTIONS = NO;
				ENABLE_STRICT_OBJC_MSGSEND = YES;
				GCC_C_LANGUAGE_STANDARD = gnu11;
				GCC_NO_COMMON_BLOCKS = YES;
				GCC_WARN_64_TO_32_BIT_CONVERSION = YES;
				GCC_WARN_ABOUT_RETURN_TYPE = YES_ERROR;
				GCC_WARN_UNDECLARED_SELECTOR = YES;
				GCC_WARN_UNINITIALIZED_AUTOS = YES_AGGRESSIVE;
				GCC_WARN_UNUSED_FUNCTION = YES;
				GCC_WARN_UNUSED_VARIABLE = YES;
				IPHONEOS_DEPLOYMENT_TARGET = 15.5;
				MTL_ENABLE_DEBUG_INFO = NO;
				MTL_FAST_MATH = YES;
				SDKROOT = iphoneos;
				SWIFT_COMPILATION_MODE = wholemodule;
				SWIFT_OPTIMIZATION_LEVEL = "-O";
				VALIDATE_PRODUCT = YES;
			};
			name = Release;
		};
		89D04C7F287FBA8200D0A6CB /* Debug */ = {
			isa = XCBuildConfiguration;
			buildSettings = {
				ASSETCATALOG_COMPILER_APPICON_NAME = AppIcon;
				ASSETCATALOG_COMPILER_GLOBAL_ACCENT_COLOR_NAME = AccentColor;
				CODE_SIGN_STYLE = Automatic;
				CURRENT_PROJECT_VERSION = 1;
				DEVELOPMENT_TEAM = "";
				GENERATE_INFOPLIST_FILE = YES;
				INFOPLIST_FILE = Prework/Info.plist;
				INFOPLIST_KEY_UIApplicationSupportsIndirectInputEvents = YES;
				INFOPLIST_KEY_UILaunchStoryboardName = LaunchScreen;
				INFOPLIST_KEY_UIMainStoryboardFile = Main;
				INFOPLIST_KEY_UISupportedInterfaceOrientations_iPad = "UIInterfaceOrientationPortrait UIInterfaceOrientationPortraitUpsideDown UIInterfaceOrientationLandscapeLeft UIInterfaceOrientationLandscapeRight";
				INFOPLIST_KEY_UISupportedInterfaceOrientations_iPhone = "UIInterfaceOrientationPortrait UIInterfaceOrientationLandscapeLeft UIInterfaceOrientationLandscapeRight";
				LD_RUNPATH_SEARCH_PATHS = (
					"$(inherited)",
					"@executable_path/Frameworks",
				);
				MARKETING_VERSION = 1.0;
				PRODUCT_BUNDLE_IDENTIFIER = "memo.com.Prework-from-JimmyP";
				PRODUCT_NAME = "$(TARGET_NAME)";
				SWIFT_EMIT_LOC_STRINGS = YES;
				SWIFT_VERSION = 5.0;
				TARGETED_DEVICE_FAMILY = "1,2";
			};
			name = Debug;
		};
		89D04C80287FBA8200D0A6CB /* Release */ = {
			isa = XCBuildConfiguration;
			buildSettings = {
				ASSETCATALOG_COMPILER_APPICON_NAME = AppIcon;
				ASSETCATALOG_COMPILER_GLOBAL_ACCENT_COLOR_NAME = AccentColor;
				CODE_SIGN_STYLE = Automatic;
				CURRENT_PROJECT_VERSION = 1;
				DEVELOPMENT_TEAM = "";
				GENERATE_INFOPLIST_FILE = YES;
				INFOPLIST_FILE = Prework/Info.plist;
				INFOPLIST_KEY_UIApplicationSupportsIndirectInputEvents = YES;
				INFOPLIST_KEY_UILaunchStoryboardName = LaunchScreen;
				INFOPLIST_KEY_UIMainStoryboardFile = Main;
				INFOPLIST_KEY_UISupportedInterfaceOrientations_iPad = "UIInterfaceOrientationPortrait UIInterfaceOrientationPortraitUpsideDown UIInterfaceOrientationLandscapeLeft UIInterfaceOrientationLandscapeRight";
				INFOPLIST_KEY_UISupportedInterfaceOrientations_iPhone = "UIInterfaceOrientationPortrait UIInterfaceOrientationLandscapeLeft UIInterfaceOrientationLandscapeRight";
				LD_RUNPATH_SEARCH_PATHS = (
					"$(inherited)",
					"@executable_path/Frameworks",
				);
				MARKETING_VERSION = 1.0;
				PRODUCT_BUNDLE_IDENTIFIER = "memo.com.Prework-from-JimmyP";
				PRODUCT_NAME = "$(TARGET_NAME)";
				SWIFT_EMIT_LOC_STRINGS = YES;
				SWIFT_VERSION = 5.0;
				TARGETED_DEVICE_FAMILY = "1,2";
			};
			name = Release;
		};
		89D04C82287FBA8200D0A6CB /* Debug */ = {
			isa = XCBuildConfiguration;
			buildSettings = {
				ALWAYS_EMBED_SWIFT_STANDARD_LIBRARIES = YES;
				BUNDLE_LOADER = "$(TEST_HOST)";
				CODE_SIGN_STYLE = Automatic;
				CURRENT_PROJECT_VERSION = 1;
				GENERATE_INFOPLIST_FILE = YES;
				IPHONEOS_DEPLOYMENT_TARGET = 15.5;
				MARKETING_VERSION = 1.0;
				PRODUCT_BUNDLE_IDENTIFIER = memo.com.PreworkTests;
				PRODUCT_NAME = "$(TARGET_NAME)";
				SWIFT_EMIT_LOC_STRINGS = NO;
				SWIFT_VERSION = 5.0;
				TARGETED_DEVICE_FAMILY = "1,2";
				TEST_HOST = "$(BUILT_PRODUCTS_DIR)/Prework.app/Prework";
			};
			name = Debug;
		};
		89D04C83287FBA8200D0A6CB /* Release */ = {
			isa = XCBuildConfiguration;
			buildSettings = {
				ALWAYS_EMBED_SWIFT_STANDARD_LIBRARIES = YES;
				BUNDLE_LOADER = "$(TEST_HOST)";
				CODE_SIGN_STYLE = Automatic;
				CURRENT_PROJECT_VERSION = 1;
				GENERATE_INFOPLIST_FILE = YES;
				IPHONEOS_DEPLOYMENT_TARGET = 15.5;
				MARKETING_VERSION = 1.0;
				PRODUCT_BUNDLE_IDENTIFIER = memo.com.PreworkTests;
				PRODUCT_NAME = "$(TARGET_NAME)";
				SWIFT_EMIT_LOC_STRINGS = NO;
				SWIFT_VERSION = 5.0;
				TARGETED_DEVICE_FAMILY = "1,2";
				TEST_HOST = "$(BUILT_PRODUCTS_DIR)/Prework.app/Prework";
			};
			name = Release;
		};
		89D04C85287FBA8200D0A6CB /* Debug */ = {
			isa = XCBuildConfiguration;
			buildSettings = {
				ALWAYS_EMBED_SWIFT_STANDARD_LIBRARIES = YES;
				CODE_SIGN_STYLE = Automatic;
				CURRENT_PROJECT_VERSION = 1;
				GENERATE_INFOPLIST_FILE = YES;
				MARKETING_VERSION = 1.0;
				PRODUCT_BUNDLE_IDENTIFIER = memo.com.PreworkUITests;
				PRODUCT_NAME = "$(TARGET_NAME)";
				SWIFT_EMIT_LOC_STRINGS = NO;
				SWIFT_VERSION = 5.0;
				TARGETED_DEVICE_FAMILY = "1,2";
				TEST_TARGET_NAME = Prework;
			};
			name = Debug;
		};
		89D04C86287FBA8200D0A6CB /* Release */ = {
			isa = XCBuildConfiguration;
			buildSettings = {
				ALWAYS_EMBED_SWIFT_STANDARD_LIBRARIES = YES;
				CODE_SIGN_STYLE = Automatic;
				CURRENT_PROJECT_VERSION = 1;
				GENERATE_INFOPLIST_FILE = YES;
				MARKETING_VERSION = 1.0;
				PRODUCT_BUNDLE_IDENTIFIER = memo.com.PreworkUITests;
				PRODUCT_NAME = "$(TARGET_NAME)";
				SWIFT_EMIT_LOC_STRINGS = NO;
				SWIFT_VERSION = 5.0;
				TARGETED_DEVICE_FAMILY = "1,2";
				TEST_TARGET_NAME = Prework;
			};
			name = Release;
		};
/* End XCBuildConfiguration section */

/* Begin XCConfigurationList section */
		89D04C4F287FBA8000D0A6CB /* Build configuration list for PBXProject "Prework" */ = {
			isa = XCConfigurationList;
			buildConfigurations = (
				89D04C7C287FBA8200D0A6CB /* Debug */,
				89D04C7D287FBA8200D0A6CB /* Release */,
			);
			defaultConfigurationIsVisible = 0;
			defaultConfigurationName = Release;
		};
		89D04C7E287FBA8200D0A6CB /* Build configuration list for PBXNativeTarget "Prework" */ = {
			isa = XCConfigurationList;
			buildConfigurations = (
				89D04C7F287FBA8200D0A6CB /* Debug */,
				89D04C80287FBA8200D0A6CB /* Release */,
			);
			defaultConfigurationIsVisible = 0;
			defaultConfigurationName = Release;
		};
		89D04C81287FBA8200D0A6CB /* Build configuration list for PBXNativeTarget "PreworkTests" */ = {
			isa = XCConfigurationList;
			buildConfigurations = (
				89D04C82287FBA8200D0A6CB /* Debug */,
				89D04C83287FBA8200D0A6CB /* Release */,
			);
			defaultConfigurationIsVisible = 0;
			defaultConfigurationName = Release;
		};
		89D04C84287FBA8200D0A6CB /* Build configuration list for PBXNativeTarget "PreworkUITests" */ = {
			isa = XCConfigurationList;
			buildConfigurations = (
				89D04C85287FBA8200D0A6CB /* Debug */,
				89D04C86287FBA8200D0A6CB /* Release */,
			);
			defaultConfigurationIsVisible = 0;
			defaultConfigurationName = Release;
		};
/* End XCConfigurationList section */
	};
	rootObject = 89D04C4C287FBA8000D0A6CB /* Project object */;
}
